
Microsoft Visual Studio Solution File, Format Version 12.00
# Visual Studio Version 16
VisualStudioVersion = 16.0.29020.237
MinimumVisualStudioVersion = 10.0.40219.1
Project("{FAE04EC0-301F-11D3-BF4B-00C04F79EFBC}") = "ListaDeCelulares", "ListaDeCelulares\ListaDeCelulares.csproj", "{97341268-62BA-4487-9477-E8E73FBF62DF}"
EndProject
Global
	GlobalSection(SolutionConfigurationPlatforms) = preSolution
		Debug|Any CPU = Debug|Any CPU
		Release|Any CPU = Release|Any CPU
	EndGlobalSection
	GlobalSection(ProjectConfigurationPlatforms) = postSolution
		{97341268-62BA-4487-9477-E8E73FBF62DF}.Debug|Any CPU.ActiveCfg = Debug|Any CPU
		{97341268-62BA-4487-9477-E8E73FBF62DF}.Debug|Any CPU.Build.0 = Debug|Any CPU
		{97341268-62BA-4487-9477-E8E73FBF62DF}.Release|Any CPU.ActiveCfg = Release|Any CPU
		{97341268-62BA-4487-9477-E8E73FBF62DF}.Release|Any CPU.Build.0 = Release|Any CPU
	EndGlobalSection
	GlobalSection(SolutionProperties) = preSolution
		HideSolutionNode = FALSE
	EndGlobalSection
	GlobalSection(ExtensibilityGlobals) = postSolution
		SolutionGuid = {3C8D882F-9E94-4746-8A31-0470D6B0AB51}
	EndGlobalSection
EndGlobal
