
Microsoft Visual Studio Solution File, Format Version 12.00
# Visual Studio Version 16
VisualStudioVersion = 16.0.29020.237
MinimumVisualStudioVersion = 10.0.40219.1
Project("{FAE04EC0-301F-11D3-BF4B-00C04F79EFBC}") = "ExercicioPessoaMaiorIdade", "ExercicioPessoaMaiorIdade\ExercicioPessoaMaiorIdade.csproj", "{58804AFA-27E3-463B-BAA4-1C5C9119075A}"
EndProject
Global
	GlobalSection(SolutionConfigurationPlatforms) = preSolution
		Debug|Any CPU = Debug|Any CPU
		Release|Any CPU = Release|Any CPU
	EndGlobalSection
	GlobalSection(ProjectConfigurationPlatforms) = postSolution
		{58804AFA-27E3-463B-BAA4-1C5C9119075A}.Debug|Any CPU.ActiveCfg = Debug|Any CPU
		{58804AFA-27E3-463B-BAA4-1C5C9119075A}.Debug|Any CPU.Build.0 = Debug|Any CPU
		{58804AFA-27E3-463B-BAA4-1C5C9119075A}.Release|Any CPU.ActiveCfg = Release|Any CPU
		{58804AFA-27E3-463B-BAA4-1C5C9119075A}.Release|Any CPU.Build.0 = Release|Any CPU
	EndGlobalSection
	GlobalSection(SolutionProperties) = preSolution
		HideSolutionNode = FALSE
	EndGlobalSection
	GlobalSection(ExtensibilityGlobals) = postSolution
		SolutionGuid = {EE1BCB3F-889A-43F5-B04D-E44CB09B213F}
	EndGlobalSection
EndGlobal
